// !$*UTF8*$!
{
	archiveVersion = 1;
	classes = {
	};
	objectVersion = 46;
	objects = {

/* Begin PBXBuildFile section */
		BC1F15811C530C6D007F79E8 /* main.m in Sources */ = {isa = PBXBuildFile; fileRef = BC1F15801C530C6D007F79E8 /* main.m */; };
		BC1F15841C530C6D007F79E8 /* AppDelegate.m in Sources */ = {isa = PBXBuildFile; fileRef = BC1F15831C530C6D007F79E8 /* AppDelegate.m */; };
		BC1F15871C530C6D007F79E8 /* ViewController.m in Sources */ = {isa = PBXBuildFile; fileRef = BC1F15861C530C6D007F79E8 /* ViewController.m */; };
		BC1F158A1C530C6D007F79E8 /* Main.storyboard in Resources */ = {isa = PBXBuildFile; fileRef = BC1F15881C530C6D007F79E8 /* Main.storyboard */; };
		BC1F158C1C530C6D007F79E8 /* Assets.xcassets in Resources */ = {isa = PBXBuildFile; fileRef = BC1F158B1C530C6D007F79E8 /* Assets.xcassets */; };
		BC1F158F1C530C6D007F79E8 /* LaunchScreen.storyboard in Resources */ = {isa = PBXBuildFile; fileRef = BC1F158D1C530C6D007F79E8 /* LaunchScreen.storyboard */; };
		BC1F159A1C530C6D007F79E8 /* Dome1_______Tests.m in Sources */ = {isa = PBXBuildFile; fileRef = BC1F15991C530C6D007F79E8 /* Dome1_______Tests.m */; };
		BC1F15A51C530C6D007F79E8 /* Dome1_______UITests.m in Sources */ = {isa = PBXBuildFile; fileRef = BC1F15A41C530C6D007F79E8 /* Dome1_______UITests.m */; };
/* End PBXBuildFile section */

/* Begin PBXContainerItemProxy section */
		BC1F15961C530C6D007F79E8 /* PBXContainerItemProxy */ = {
			isa = PBXContainerItemProxy;
			containerPortal = BC1F15741C530C6D007F79E8 /* Project object */;
			proxyType = 1;
			remoteGlobalIDString = BC1F157B1C530C6D007F79E8;
			remoteInfo = "Dome1 第一天的作业";
		};
		BC1F15A11C530C6D007F79E8 /* PBXContainerItemProxy */ = {
			isa = PBXContainerItemProxy;
			containerPortal = BC1F15741C530C6D007F79E8 /* Project object */;
			proxyType = 1;
			remoteGlobalIDString = BC1F157B1C530C6D007F79E8;
			remoteInfo = "Dome1 第一天的作业";
		};
/* End PBXContainerItemProxy section */

/* Begin PBXFileReference section */
		BC1F157C1C530C6D007F79E8 /* Dome1 第一天的作业.app */ = {isa = PBXFileReference; explicitFileType = wrapper.application; includeInIndex = 0; path = "Dome1 第一天的作业.app"; sourceTree = BUILT_PRODUCTS_DIR; };
		BC1F15801C530C6D007F79E8 /* main.m */ = {isa = PBXFileReference; lastKnownFileType = sourcecode.c.objc; path = main.m; sourceTree = "<group>"; };
		BC1F15821C530C6D007F79E8 /* AppDelegate.h */ = {isa = PBXFileReference; lastKnownFileType = sourcecode.c.h; path = AppDelegate.h; sourceTree = "<group>"; };
		BC1F15831C530C6D007F79E8 /* AppDelegate.m */ = {isa = PBXFileReference; lastKnownFileType = sourcecode.c.objc; path = AppDelegate.m; sourceTree = "<group>"; };
		BC1F15851C530C6D007F79E8 /* ViewController.h */ = {isa = PBXFileReference; lastKnownFileType = sourcecode.c.h; path = ViewController.h; sourceTree = "<group>"; };
		BC1F15861C530C6D007F79E8 /* ViewController.m */ = {isa = PBXFileReference; lastKnownFileType = sourcecode.c.objc; path = ViewController.m; sourceTree = "<group>"; };
		BC1F15891C530C6D007F79E8 /* Base */ = {isa = PBXFileReference; lastKnownFileType = file.storyboard; name = Base; path = Base.lproj/Main.storyboard; sourceTree = "<group>"; };
		BC1F158B1C530C6D007F79E8 /* Assets.xcassets */ = {isa = PBXFileReference; lastKnownFileType = folder.assetcatalog; path = Assets.xcassets; sourceTree = "<group>"; };
		BC1F158E1C530C6D007F79E8 /* Base */ = {isa = PBXFileReference; lastKnownFileType = file.storyboard; name = Base; path = Base.lproj/LaunchScreen.storyboard; sourceTree = "<group>"; };
		BC1F15901C530C6D007F79E8 /* Info.plist */ = {isa = PBXFileReference; lastKnownFileType = text.plist.xml; path = Info.plist; sourceTree = "<group>"; };
		BC1F15951C530C6D007F79E8 /* Dome1 第一天的作业Tests.xctest */ = {isa = PBXFileReference; explicitFileType = wrapper.cfbundle; includeInIndex = 0; path = "Dome1 第一天的作业Tests.xctest"; sourceTree = BUILT_PRODUCTS_DIR; };
		BC1F15991C530C6D007F79E8 /* Dome1_______Tests.m */ = {isa = PBXFileReference; lastKnownFileType = sourcecode.c.objc; path = "Dome1_______Tests.m"; sourceTree = "<group>"; };
		BC1F159B1C530C6D007F79E8 /* Info.plist */ = {isa = PBXFileReference; lastKnownFileType = text.plist.xml; path = Info.plist; sourceTree = "<group>"; };
		BC1F15A01C530C6D007F79E8 /* Dome1 第一天的作业UITests.xctest */ = {isa = PBXFileReference; explicitFileType = wrapper.cfbundle; includeInIndex = 0; path = "Dome1 第一天的作业UITests.xctest"; sourceTree = BUILT_PRODUCTS_DIR; };
		BC1F15A41C530C6D007F79E8 /* Dome1_______UITests.m */ = {isa = PBXFileReference; lastKnownFileType = sourcecode.c.objc; path = "Dome1_______UITests.m"; sourceTree = "<group>"; };
		BC1F15A61C530C6D007F79E8 /* Info.plist */ = {isa = PBXFileReference; lastKnownFileType = text.plist.xml; path = Info.plist; sourceTree = "<group>"; };
/* End PBXFileReference section */

/* Begin PBXFrameworksBuildPhase section */
		BC1F15791C530C6D007F79E8 /* Frameworks */ = {
			isa = PBXFrameworksBuildPhase;
			buildActionMask = 2147483647;
			files = (
			);
			runOnlyForDeploymentPostprocessing = 0;
		};
		BC1F15921C530C6D007F79E8 /* Frameworks */ = {
			isa = PBXFrameworksBuildPhase;
			buildActionMask = 2147483647;
			files = (
			);
			runOnlyForDeploymentPostprocessing = 0;
		};
		BC1F159D1C530C6D007F79E8 /* Frameworks */ = {
			isa = PBXFrameworksBuildPhase;
			buildActionMask = 2147483647;
			files = (
			);
			runOnlyForDeploymentPostprocessing = 0;
		};
/* End PBXFrameworksBuildPhase section */

/* Begin PBXGroup section */
		BC1F15731C530C6D007F79E8 = {
			isa = PBXGroup;
			children = (
				BC1F157E1C530C6D007F79E8 /* Dome1 第一天的作业 */,
				BC1F15981C530C6D007F79E8 /* Dome1 第一天的作业Tests */,
				BC1F15A31C530C6D007F79E8 /* Dome1 第一天的作业UITests */,
				BC1F157D1C530C6D007F79E8 /* Products */,
			);
			sourceTree = "<group>";
		};
		BC1F157D1C530C6D007F79E8 /* Products */ = {
			isa = PBXGroup;
			children = (
				BC1F157C1C530C6D007F79E8 /* Dome1 第一天的作业.app */,
				BC1F15951C530C6D007F79E8 /* Dome1 第一天的作业Tests.xctest */,
				BC1F15A01C530C6D007F79E8 /* Dome1 第一天的作业UITests.xctest */,
			);
			name = Products;
			sourceTree = "<group>";
		};
		BC1F157E1C530C6D007F79E8 /* Dome1 第一天的作业 */ = {
			isa = PBXGroup;
			children = (
				BC1F15821C530C6D007F79E8 /* AppDelegate.h */,
				BC1F15831C530C6D007F79E8 /* AppDelegate.m */,
				BC1F15851C530C6D007F79E8 /* ViewController.h */,
				BC1F15861C530C6D007F79E8 /* ViewController.m */,
				BC1F15881C530C6D007F79E8 /* Main.storyboard */,
				BC1F158B1C530C6D007F79E8 /* Assets.xcassets */,
				BC1F158D1C530C6D007F79E8 /* LaunchScreen.storyboard */,
				BC1F15901C530C6D007F79E8 /* Info.plist */,
				BC1F157F1C530C6D007F79E8 /* Supporting Files */,
			);
			path = "Dome1 第一天的作业";
			sourceTree = "<group>";
		};
		BC1F157F1C530C6D007F79E8 /* Supporting Files */ = {
			isa = PBXGroup;
			children = (
				BC1F15801C530C6D007F79E8 /* main.m */,
			);
			name = "Supporting Files";
			sourceTree = "<group>";
		};
		BC1F15981C530C6D007F79E8 /* Dome1 第一天的作业Tests */ = {
			isa = PBXGroup;
			children = (
				BC1F15991C530C6D007F79E8 /* Dome1_______Tests.m */,
				BC1F159B1C530C6D007F79E8 /* Info.plist */,
			);
			path = "Dome1 第一天的作业Tests";
			sourceTree = "<group>";
		};
		BC1F15A31C530C6D007F79E8 /* Dome1 第一天的作业UITests */ = {
			isa = PBXGroup;
			children = (
				BC1F15A41C530C6D007F79E8 /* Dome1_______UITests.m */,
				BC1F15A61C530C6D007F79E8 /* Info.plist */,
			);
			path = "Dome1 第一天的作业UITests";
			sourceTree = "<group>";
		};
/* End PBXGroup section */

/* Begin PBXNativeTarget section */
		BC1F157B1C530C6D007F79E8 /* Dome1 第一天的作业 */ = {
			isa = PBXNativeTarget;
			buildConfigurationList = BC1F15A91C530C6D007F79E8 /* Build configuration list for PBXNativeTarget "Dome1 第一天的作业" */;
			buildPhases = (
				BC1F15781C530C6D007F79E8 /* Sources */,
				BC1F15791C530C6D007F79E8 /* Frameworks */,
				BC1F157A1C530C6D007F79E8 /* Resources */,
			);
			buildRules = (
			);
			dependencies = (
			);
			name = "Dome1 第一天的作业";
			productName = "Dome1 第一天的作业";
			productReference = BC1F157C1C530C6D007F79E8 /* Dome1 第一天的作业.app */;
			productType = "com.apple.product-type.application";
		};
		BC1F15941C530C6D007F79E8 /* Dome1 第一天的作业Tests */ = {
			isa = PBXNativeTarget;
			buildConfigurationList = BC1F15AC1C530C6D007F79E8 /* Build configuration list for PBXNativeTarget "Dome1 第一天的作业Tests" */;
			buildPhases = (
				BC1F15911C530C6D007F79E8 /* Sources */,
				BC1F15921C530C6D007F79E8 /* Frameworks */,
				BC1F15931C530C6D007F79E8 /* Resources */,
			);
			buildRules = (
			);
			dependencies = (
				BC1F15971C530C6D007F79E8 /* PBXTargetDependency */,
			);
			name = "Dome1 第一天的作业Tests";
			productName = "Dome1 第一天的作业Tests";
			productReference = BC1F15951C530C6D007F79E8 /* Dome1 第一天的作业Tests.xctest */;
			productType = "com.apple.product-type.bundle.unit-test";
		};
		BC1F159F1C530C6D007F79E8 /* Dome1 第一天的作业UITests */ = {
			isa = PBXNativeTarget;
			buildConfigurationList = BC1F15AF1C530C6D007F79E8 /* Build configuration list for PBXNativeTarget "Dome1 第一天的作业UITests" */;
			buildPhases = (
				BC1F159C1C530C6D007F79E8 /* Sources */,
				BC1F159D1C530C6D007F79E8 /* Frameworks */,
				BC1F159E1C530C6D007F79E8 /* Resources */,
			);
			buildRules = (
			);
			dependencies = (
				BC1F15A21C530C6D007F79E8 /* PBXTargetDependency */,
			);
			name = "Dome1 第一天的作业UITests";
			productName = "Dome1 第一天的作业UITests";
			productReference = BC1F15A01C530C6D007F79E8 /* Dome1 第一天的作业UITests.xctest */;
			productType = "com.apple.product-type.bundle.ui-testing";
		};
/* End PBXNativeTarget section */

/* Begin PBXProject section */
		BC1F15741C530C6D007F79E8 /* Project object */ = {
			isa = PBXProject;
			attributes = {
				LastUpgradeCheck = 0710;
				ORGANIZATIONNAME = ZZ;
				TargetAttributes = {
					BC1F157B1C530C6D007F79E8 = {
						CreatedOnToolsVersion = 7.1;
					};
					BC1F15941C530C6D007F79E8 = {
						CreatedOnToolsVersion = 7.1;
						TestTargetID = BC1F157B1C530C6D007F79E8;
					};
					BC1F159F1C530C6D007F79E8 = {
						CreatedOnToolsVersion = 7.1;
						TestTargetID = BC1F157B1C530C6D007F79E8;
					};
				};
			};
			buildConfigurationList = BC1F15771C530C6D007F79E8 /* Build configuration list for PBXProject "Dome1 第一天的作业" */;
			compatibilityVersion = "Xcode 3.2";
			developmentRegion = English;
			hasScannedForEncodings = 0;
			knownRegions = (
				en,
				Base,
			);
			mainGroup = BC1F15731C530C6D007F79E8;
			productRefGroup = BC1F157D1C530C6D007F79E8 /* Products */;
			projectDirPath = "";
			projectRoot = "";
			targets = (
				BC1F157B1C530C6D007F79E8 /* Dome1 第一天的作业 */,
				BC1F15941C530C6D007F79E8 /* Dome1 第一天的作业Tests */,
				BC1F159F1C530C6D007F79E8 /* Dome1 第一天的作业UITests */,
			);
		};
/* End PBXProject section */

/* Begin PBXResourcesBuildPhase section */
		BC1F157A1C530C6D007F79E8 /* Resources */ = {
			isa = PBXResourcesBuildPhase;
			buildActionMask = 2147483647;
			files = (
				BC1F158F1C530C6D007F79E8 /* LaunchScreen.storyboard in Resources */,
				BC1F158C1C530C6D007F79E8 /* Assets.xcassets in Resources */,
				BC1F158A1C530C6D007F79E8 /* Main.storyboard in Resources */,
			);
			runOnlyForDeploymentPostprocessing = 0;
		};
		BC1F15931C530C6D007F79E8 /* Resources */ = {
			isa = PBXResourcesBuildPhase;
			buildActionMask = 2147483647;
			files = (
			);
			runOnlyForDeploymentPostprocessing = 0;
		};
		BC1F159E1C530C6D007F79E8 /* Resources */ = {
			isa = PBXResourcesBuildPhase;
			buildActionMask = 2147483647;
			files = (
			);
			runOnlyForDeploymentPostprocessing = 0;
		};
/* End PBXResourcesBuildPhase section */

/* Begin PBXSourcesBuildPhase section */
		BC1F15781C530C6D007F79E8 /* Sources */ = {
			isa = PBXSourcesBuildPhase;
			buildActionMask = 2147483647;
			files = (
				BC1F15871C530C6D007F79E8 /* ViewController.m in Sources */,
				BC1F15841C530C6D007F79E8 /* AppDelegate.m in Sources */,
				BC1F15811C530C6D007F79E8 /* main.m in Sources */,
			);
			runOnlyForDeploymentPostprocessing = 0;
		};
		BC1F15911C530C6D007F79E8 /* Sources */ = {
			isa = PBXSourcesBuildPhase;
			buildActionMask = 2147483647;
			files = (
				BC1F159A1C530C6D007F79E8 /* Dome1_______Tests.m in Sources */,
			);
			runOnlyForDeploymentPostprocessing = 0;
		};
		BC1F159C1C530C6D007F79E8 /* Sources */ = {
			isa = PBXSourcesBuildPhase;
			buildActionMask = 2147483647;
			files = (
				BC1F15A51C530C6D007F79E8 /* Dome1_______UITests.m in Sources */,
			);
			runOnlyForDeploymentPostprocessing = 0;
		};
/* End PBXSourcesBuildPhase section */

/* Begin PBXTargetDependency section */
		BC1F15971C530C6D007F79E8 /* PBXTargetDependency */ = {
			isa = PBXTargetDependency;
			target = BC1F157B1C530C6D007F79E8 /* Dome1 第一天的作业 */;
			targetProxy = BC1F15961C530C6D007F79E8 /* PBXContainerItemProxy */;
		};
		BC1F15A21C530C6D007F79E8 /* PBXTargetDependency */ = {
			isa = PBXTargetDependency;
			target = BC1F157B1C530C6D007F79E8 /* Dome1 第一天的作业 */;
			targetProxy = BC1F15A11C530C6D007F79E8 /* PBXContainerItemProxy */;
		};
/* End PBXTargetDependency section */

/* Begin PBXVariantGroup section */
		BC1F15881C530C6D007F79E8 /* Main.storyboard */ = {
			isa = PBXVariantGroup;
			children = (
				BC1F15891C530C6D007F79E8 /* Base */,
			);
			name = Main.storyboard;
			sourceTree = "<group>";
		};
		BC1F158D1C530C6D007F79E8 /* LaunchScreen.storyboard */ = {
			isa = PBXVariantGroup;
			children = (
				BC1F158E1C530C6D007F79E8 /* Base */,
			);
			name = LaunchScreen.storyboard;
			sourceTree = "<group>";
		};
/* End PBXVariantGroup section */

/* Begin XCBuildConfiguration section */
		BC1F15A71C530C6D007F79E8 /* Debug */ = {
			isa = XCBuildConfiguration;
			buildSettings = {
				ALWAYS_SEARCH_USER_PATHS = NO;
				CLANG_CXX_LANGUAGE_STANDARD = "gnu++0x";
				CLANG_CXX_LIBRARY = "libc++";
				CLANG_ENABLE_MODULES = YES;
				CLANG_ENABLE_OBJC_ARC = YES;
				CLANG_WARN_BOOL_CONVERSION = YES;
				CLANG_WARN_CONSTANT_CONVERSION = YES;
				CLANG_WARN_DIRECT_OBJC_ISA_USAGE = YES_ERROR;
				CLANG_WARN_EMPTY_BODY = YES;
				CLANG_WARN_ENUM_CONVERSION = YES;
				CLANG_WARN_INT_CONVERSION = YES;
				CLANG_WARN_OBJC_ROOT_CLASS = YES_ERROR;
				CLANG_WARN_UNREACHABLE_CODE = YES;
				CLANG_WARN__DUPLICATE_METHOD_MATCH = YES;
				"CODE_SIGN_IDENTITY[sdk=iphoneos*]" = "iPhone Developer";
				COPY_PHASE_STRIP = NO;
				DEBUG_INFORMATION_FORMAT = dwarf;
				ENABLE_STRICT_OBJC_MSGSEND = YES;
				ENABLE_TESTABILITY = YES;
				GCC_C_LANGUAGE_STANDARD = gnu99;
				GCC_DYNAMIC_NO_PIC = NO;
				GCC_NO_COMMON_BLOCKS = YES;
				GCC_OPTIMIZATION_LEVEL = 0;
				GCC_PREPROCESSOR_DEFINITIONS = (
					"DEBUG=1",
					"$(inherited)",
				);
				GCC_WARN_64_TO_32_BIT_CONVERSION = YES;
				GCC_WARN_ABOUT_RETURN_TYPE = YES_ERROR;
				GCC_WARN_UNDECLARED_SELECTOR = YES;
				GCC_WARN_UNINITIALIZED_AUTOS = YES_AGGRESSIVE;
				GCC_WARN_UNUSED_FUNCTION = YES;
				GCC_WARN_UNUSED_VARIABLE = YES;
				IPHONEOS_DEPLOYMENT_TARGET = 9.1;
				MTL_ENABLE_DEBUG_INFO = YES;
				ONLY_ACTIVE_ARCH = YES;
				SDKROOT = iphoneos;
			};
			name = Debug;
		};
		BC1F15A81C530C6D007F79E8 /* Release */ = {
			isa = XCBuildConfiguration;
			buildSettings = {
				ALWAYS_SEARCH_USER_PATHS = NO;
				CLANG_CXX_LANGUAGE_STANDARD = "gnu++0x";
				CLANG_CXX_LIBRARY = "libc++";
				CLANG_ENABLE_MODULES = YES;
				CLANG_ENABLE_OBJC_ARC = YES;
				CLANG_WARN_BOOL_CONVERSION = YES;
				CLANG_WARN_CONSTANT_CONVERSION = YES;
				CLANG_WARN_DIRECT_OBJC_ISA_USAGE = YES_ERROR;
				CLANG_WARN_EMPTY_BODY = YES;
				CLANG_WARN_ENUM_CONVERSION = YES;
				CLANG_WARN_INT_CONVERSION = YES;
				CLANG_WARN_OBJC_ROOT_CLASS = YES_ERROR;
				CLANG_WARN_UNREACHABLE_CODE = YES;
				CLANG_WARN__DUPLICATE_METHOD_MATCH = YES;
				"CODE_SIGN_IDENTITY[sdk=iphoneos*]" = "iPhone Developer";
				COPY_PHASE_STRIP = NO;
				DEBUG_INFORMATION_FORMAT = "dwarf-with-dsym";
				ENABLE_NS_ASSERTIONS = NO;
				ENABLE_STRICT_OBJC_MSGSEND = YES;
				GCC_C_LANGUAGE_STANDARD = gnu99;
				GCC_NO_COMMON_BLOCKS = YES;
				GCC_WARN_64_TO_32_BIT_CONVERSION = YES;
				GCC_WARN_ABOUT_RETURN_TYPE = YES_ERROR;
				GCC_WARN_UNDECLARED_SELECTOR = YES;
				GCC_WARN_UNINITIALIZED_AUTOS = YES_AGGRESSIVE;
				GCC_WARN_UNUSED_FUNCTION = YES;
				GCC_WARN_UNUSED_VARIABLE = YES;
				IPHONEOS_DEPLOYMENT_TARGET = 9.1;
				MTL_ENABLE_DEBUG_INFO = NO;
				SDKROOT = iphoneos;
				VALIDATE_PRODUCT = YES;
			};
			name = Release;
		};
		BC1F15AA1C530C6D007F79E8 /* Debug */ = {
			isa = XCBuildConfiguration;
			buildSettings = {
				ASSETCATALOG_COMPILER_APPICON_NAME = AppIcon;
				INFOPLIST_FILE = "Dome1 第一天的作业/Info.plist";
				LD_RUNPATH_SEARCH_PATHS = "$(inherited) @executable_path/Frameworks";
				PRODUCT_BUNDLE_IDENTIFIER = "com.1519.Dome1-------";
				PRODUCT_NAME = "$(TARGET_NAME)";
			};
			name = Debug;
		};
		BC1F15AB1C530C6D007F79E8 /* Release */ = {
			isa = XCBuildConfiguration;
			buildSettings = {
				ASSETCATALOG_COMPILER_APPICON_NAME = AppIcon;
				INFOPLIST_FILE = "Dome1 第一天的作业/Info.plist";
				LD_RUNPATH_SEARCH_PATHS = "$(inherited) @executable_path/Frameworks";
				PRODUCT_BUNDLE_IDENTIFIER = "com.1519.Dome1-------";
				PRODUCT_NAME = "$(TARGET_NAME)";
			};
			name = Release;
		};
		BC1F15AD1C530C6D007F79E8 /* Debug */ = {
			isa = XCBuildConfiguration;
			buildSettings = {
				BUNDLE_LOADER = "$(TEST_HOST)";
				INFOPLIST_FILE = "Dome1 第一天的作业Tests/Info.plist";
				LD_RUNPATH_SEARCH_PATHS = "$(inherited) @executable_path/Frameworks @loader_path/Frameworks";
				PRODUCT_BUNDLE_IDENTIFIER = "com.1519.Dome1-------Tests";
				PRODUCT_NAME = "$(TARGET_NAME)";
				TEST_HOST = "$(BUILT_PRODUCTS_DIR)/Dome1 第一天的作业.app/Dome1 第一天的作业";
			};
			name = Debug;
		};
		BC1F15AE1C530C6D007F79E8 /* Release */ = {
			isa = XCBuildConfiguration;
			buildSettings = {
				BUNDLE_LOADER = "$(TEST_HOST)";
				INFOPLIST_FILE = "Dome1 第一天的作业Tests/Info.plist";
				LD_RUNPATH_SEARCH_PATHS = "$(inherited) @executable_path/Frameworks @loader_path/Frameworks";
				PRODUCT_BUNDLE_IDENTIFIER = "com.1519.Dome1-------Tests";
				PRODUCT_NAME = "$(TARGET_NAME)";
				TEST_HOST = "$(BUILT_PRODUCTS_DIR)/Dome1 第一天的作业.app/Dome1 第一天的作业";
			};
			name = Release;
		};
		BC1F15B01C530C6D007F79E8 /* Debug */ = {
			isa = XCBuildConfiguration;
			buildSettings = {
				INFOPLIST_FILE = "Dome1 第一天的作业UITests/Info.plist";
				LD_RUNPATH_SEARCH_PATHS = "$(inherited) @executable_path/Frameworks @loader_path/Frameworks";
				PRODUCT_BUNDLE_IDENTIFIER = "com.1519.Dome1-------UITests";
				PRODUCT_NAME = "$(TARGET_NAME)";
				TEST_TARGET_NAME = "Dome1 第一天的作业";
				USES_XCTRUNNER = YES;
			};
			name = Debug;
		};
		BC1F15B11C530C6D007F79E8 /* Release */ = {
			isa = XCBuildConfiguration;
			buildSettings = {
				INFOPLIST_FILE = "Dome1 第一天的作业UITests/Info.plist";
				LD_RUNPATH_SEARCH_PATHS = "$(inherited) @executable_path/Frameworks @loader_path/Frameworks";
				PRODUCT_BUNDLE_IDENTIFIER = "com.1519.Dome1-------UITests";
				PRODUCT_NAME = "$(TARGET_NAME)";
				TEST_TARGET_NAME = "Dome1 第一天的作业";
				USES_XCTRUNNER = YES;
			};
			name = Release;
		};
/* End XCBuildConfiguration section */

/* Begin XCConfigurationList section */
		BC1F15771C530C6D007F79E8 /* Build configuration list for PBXProject "Dome1 第一天的作业" */ = {
			isa = XCConfigurationList;
			buildConfigurations = (
				BC1F15A71C530C6D007F79E8 /* Debug */,
				BC1F15A81C530C6D007F79E8 /* Release */,
			);
			defaultConfigurationIsVisible = 0;
			defaultConfigurationName = Release;
		};
		BC1F15A91C530C6D007F79E8 /* Build configuration list for PBXNativeTarget "Dome1 第一天的作业" */ = {
			isa = XCConfigurationList;
			buildConfigurations = (
				BC1F15AA1C530C6D007F79E8 /* Debug */,
				BC1F15AB1C530C6D007F79E8 /* Release */,
			);
			defaultConfigurationIsVisible = 0;
		};
		BC1F15AC1C530C6D007F79E8 /* Build configuration list for PBXNativeTarget "Dome1 第一天的作业Tests" */ = {
			isa = XCConfigurationList;
			buildConfigurations = (
				BC1F15AD1C530C6D007F79E8 /* Debug */,
				BC1F15AE1C530C6D007F79E8 /* Release */,
			);
			defaultConfigurationIsVisible = 0;
		};
		BC1F15AF1C530C6D007F79E8 /* Build configuration list for PBXNativeTarget "Dome1 第一天的作业UITests" */ = {
			isa = XCConfigurationList;
			buildConfigurations = (
				BC1F15B01C530C6D007F79E8 /* Debug */,
				BC1F15B11C530C6D007F79E8 /* Release */,
			);
			defaultConfigurationIsVisible = 0;
		};
/* End XCConfigurationList section */
	};
	rootObject = BC1F15741C530C6D007F79E8 /* Project object */;
}
